
Microsoft Visual Studio Solution File, Format Version 12.00
# Visual Studio 15
VisualStudioVersion = 15.0.27428.2015
MinimumVisualStudioVersion = 10.0.40219.1
Project("{FAE04EC0-301F-11D3-BF4B-00C04F79EFBC}") = "LabBasicConsole", "LabBasicConsole\LabBasicConsole.csproj", "{3448F05C-39EB-47E9-AEEB-14FA1B8887A7}"
EndProject
Global
	GlobalSection(SolutionConfigurationPlatforms) = preSolution
		Debug|Any CPU = Debug|Any CPU
		Release|Any CPU = Release|Any CPU
	EndGlobalSection
	GlobalSection(ProjectConfigurationPlatforms) = postSolution
		{3448F05C-39EB-47E9-AEEB-14FA1B8887A7}.Debug|Any CPU.ActiveCfg = Debug|Any CPU
		{3448F05C-39EB-47E9-AEEB-14FA1B8887A7}.Debug|Any CPU.Build.0 = Debug|Any CPU
		{3448F05C-39EB-47E9-AEEB-14FA1B8887A7}.Release|Any CPU.ActiveCfg = Release|Any CPU
		{3448F05C-39EB-47E9-AEEB-14FA1B8887A7}.Release|Any CPU.Build.0 = Release|Any CPU
	EndGlobalSection
	GlobalSection(SolutionProperties) = preSolution
		HideSolutionNode = FALSE
	EndGlobalSection
	GlobalSection(ExtensibilityGlobals) = postSolution
		SolutionGuid = {4B2411AF-0871-4BFF-8966-3BC3DB36D255}
	EndGlobalSection
EndGlobal
